
Microsoft Visual Studio Solution File, Format Version 12.00
# Visual Studio Version 17
VisualStudioVersion = 17.9.34701.34
MinimumVisualStudioVersion = 10.0.40219.1
Project("{FAE04EC0-301F-11D3-BF4B-00C04F79EFBC}") = "onlineShop4DVDs", "onlineShop4DVDs\onlineShop4DVDs.csproj", "{F1AA0010-E2E1-419D-9223-948A1699FB1E}"
EndProject
Global
	GlobalSection(SolutionConfigurationPlatforms) = preSolution
		Debug|Any CPU = Debug|Any CPU
		Release|Any CPU = Release|Any CPU
	EndGlobalSection
	GlobalSection(ProjectConfigurationPlatforms) = postSolution
		{F1AA0010-E2E1-419D-9223-948A1699FB1E}.Debug|Any CPU.ActiveCfg = Debug|Any CPU
		{F1AA0010-E2E1-419D-9223-948A1699FB1E}.Debug|Any CPU.Build.0 = Debug|Any CPU
		{F1AA0010-E2E1-419D-9223-948A1699FB1E}.Release|Any CPU.ActiveCfg = Release|Any CPU
		{F1AA0010-E2E1-419D-9223-948A1699FB1E}.Release|Any CPU.Build.0 = Release|Any CPU
	EndGlobalSection
	GlobalSection(SolutionProperties) = preSolution
		HideSolutionNode = FALSE
	EndGlobalSection
	GlobalSection(ExtensibilityGlobals) = postSolution
		SolutionGuid = {38B0F201-25EA-496C-8202-C2E5344133BA}
	EndGlobalSection
EndGlobal
